
Microsoft Visual Studio Solution File, Format Version 12.00
# Visual Studio Version 16
VisualStudioVersion = 16.0.30114.105
MinimumVisualStudioVersion = 10.0.40219.1
Project("{9A19103F-16F7-4668-BE54-9A1E7A4F7556}") = "SSEAIRTRICITY", "SSEAIRTRICITY\SSEAIRTRICITY.csproj", "{DAD66EF3-F32A-4B5A-8016-A5A0CAEC9878}"
EndProject
Global
	GlobalSection(SolutionConfigurationPlatforms) = preSolution
		Debug|Any CPU = Debug|Any CPU
		Release|Any CPU = Release|Any CPU
	EndGlobalSection
	GlobalSection(ProjectConfigurationPlatforms) = postSolution
		{DAD66EF3-F32A-4B5A-8016-A5A0CAEC9878}.Debug|Any CPU.ActiveCfg = Debug|Any CPU
		{DAD66EF3-F32A-4B5A-8016-A5A0CAEC9878}.Debug|Any CPU.Build.0 = Debug|Any CPU
		{DAD66EF3-F32A-4B5A-8016-A5A0CAEC9878}.Release|Any CPU.ActiveCfg = Release|Any CPU
		{DAD66EF3-F32A-4B5A-8016-A5A0CAEC9878}.Release|Any CPU.Build.0 = Release|Any CPU
	EndGlobalSection
	GlobalSection(SolutionProperties) = preSolution
		HideSolutionNode = FALSE
	EndGlobalSection
	GlobalSection(ExtensibilityGlobals) = postSolution
		SolutionGuid = {96B2BD34-F6E4-4DAD-B5F6-4975D85604C2}
	EndGlobalSection
EndGlobal
